
Microsoft Visual Studio Solution File, Format Version 12.00
# Visual Studio Version 17
VisualStudioVersion = 17.6.33801.468
MinimumVisualStudioVersion = 10.0.40219.1
Project("{2150E333-8FDC-42A3-9474-1A3956D46DE8}") = "Core", "Core", "{F6DA84EA-DCA8-4108-8DD8-FCDEC9CD1E1A}"
EndProject
Project("{2150E333-8FDC-42A3-9474-1A3956D46DE8}") = "Web", "Web", "{4264261F-F665-4840-88AB-583F77C0140F}"
EndProject
Project("{FAE04EC0-301F-11D3-BF4B-00C04F79EFBC}") = "CrmAuth.Api", "CrmAuth.Api\CrmAuth.Api.csproj", "{3B37914B-16A8-4F9F-B65B-B78EC13131B0}"
EndProject
Project("{FAE04EC0-301F-11D3-BF4B-00C04F79EFBC}") = "CrmAuth.Domain", "CrmAuth.Domain\CrmAuth.Domain.csproj", "{13F0F25A-F275-4177-ADDD-A7D330824150}"
EndProject
Project("{FAE04EC0-301F-11D3-BF4B-00C04F79EFBC}") = "CrmAuth.Application", "CrmAuth.Application\CrmAuth.Application.csproj", "{ADD21A58-ADC9-4C95-A175-062B4EBC811A}"
EndProject
Project("{FAE04EC0-301F-11D3-BF4B-00C04F79EFBC}") = "CrmAuth.Infra", "CrmAuth.Infra\CrmAuth.Infra.csproj", "{D2D133CF-978F-49AD-B49C-52E9CF34A09E}"
EndProject
Global
	GlobalSection(SolutionConfigurationPlatforms) = preSolution
		Debug|Any CPU = Debug|Any CPU
		Release|Any CPU = Release|Any CPU
	EndGlobalSection
	GlobalSection(ProjectConfigurationPlatforms) = postSolution
		{3B37914B-16A8-4F9F-B65B-B78EC13131B0}.Debug|Any CPU.ActiveCfg = Debug|Any CPU
		{3B37914B-16A8-4F9F-B65B-B78EC13131B0}.Debug|Any CPU.Build.0 = Debug|Any CPU
		{3B37914B-16A8-4F9F-B65B-B78EC13131B0}.Release|Any CPU.ActiveCfg = Release|Any CPU
		{3B37914B-16A8-4F9F-B65B-B78EC13131B0}.Release|Any CPU.Build.0 = Release|Any CPU
		{13F0F25A-F275-4177-ADDD-A7D330824150}.Debug|Any CPU.ActiveCfg = Debug|Any CPU
		{13F0F25A-F275-4177-ADDD-A7D330824150}.Debug|Any CPU.Build.0 = Debug|Any CPU
		{13F0F25A-F275-4177-ADDD-A7D330824150}.Release|Any CPU.ActiveCfg = Release|Any CPU
		{13F0F25A-F275-4177-ADDD-A7D330824150}.Release|Any CPU.Build.0 = Release|Any CPU
		{ADD21A58-ADC9-4C95-A175-062B4EBC811A}.Debug|Any CPU.ActiveCfg = Debug|Any CPU
		{ADD21A58-ADC9-4C95-A175-062B4EBC811A}.Debug|Any CPU.Build.0 = Debug|Any CPU
		{ADD21A58-ADC9-4C95-A175-062B4EBC811A}.Release|Any CPU.ActiveCfg = Release|Any CPU
		{ADD21A58-ADC9-4C95-A175-062B4EBC811A}.Release|Any CPU.Build.0 = Release|Any CPU
		{D2D133CF-978F-49AD-B49C-52E9CF34A09E}.Debug|Any CPU.ActiveCfg = Debug|Any CPU
		{D2D133CF-978F-49AD-B49C-52E9CF34A09E}.Debug|Any CPU.Build.0 = Debug|Any CPU
		{D2D133CF-978F-49AD-B49C-52E9CF34A09E}.Release|Any CPU.ActiveCfg = Release|Any CPU
		{D2D133CF-978F-49AD-B49C-52E9CF34A09E}.Release|Any CPU.Build.0 = Release|Any CPU
	EndGlobalSection
	GlobalSection(SolutionProperties) = preSolution
		HideSolutionNode = FALSE
	EndGlobalSection
	GlobalSection(NestedProjects) = preSolution
		{3B37914B-16A8-4F9F-B65B-B78EC13131B0} = {4264261F-F665-4840-88AB-583F77C0140F}
		{13F0F25A-F275-4177-ADDD-A7D330824150} = {F6DA84EA-DCA8-4108-8DD8-FCDEC9CD1E1A}
		{ADD21A58-ADC9-4C95-A175-062B4EBC811A} = {F6DA84EA-DCA8-4108-8DD8-FCDEC9CD1E1A}
		{D2D133CF-978F-49AD-B49C-52E9CF34A09E} = {F6DA84EA-DCA8-4108-8DD8-FCDEC9CD1E1A}
	EndGlobalSection
	GlobalSection(ExtensibilityGlobals) = postSolution
		SolutionGuid = {86F3308A-EDB7-4028-A15B-DED8CF98FA96}
	EndGlobalSection
EndGlobal
